%{
  "cc_precompiler": {:hex, :cc_precompiler, "0.1.11", "8c844d0b9fb98a3edea067f94f616b3f6b29b959b6b3bf25fee94ffe34364768", [:mix], [{:elixir_make, "~> 0.7", [hex: :elixir_make, repo: "hexpm", optional: false]}], "hexpm", "3427232caf0835f94680e5bcf082408a70b48ad68a5f5c0b02a3bea9f3a075b9"},
  "elixir_make": {:hex, :elixir_make, "0.9.0", "6484b3cd8c0cee58f09f05ecaf1a140a8c97670671a6a0e7ab4dc326c3109726", [:mix], [], "hexpm", "db23d4fd8b757462ad02f8aa73431a426fe6671c80b200d9710caf3d1dd0ffdb"},
  "expty": {:hex, :expty, "0.2.1", "ea28a0c041f588ce82e47bc342ef94b08979ad5a3595c3c484b7f0f4b4a27220", [:make, :mix], [{:cc_precompiler, "~> 0.1", [hex: :cc_precompiler, repo: "hexpm", optional: false]}, {:elixir_make, "~> 0.8", [hex: :elixir_make, repo: "hexpm", optional: false]}, {:kino, "~> 0.7", [hex: :kino, repo: "hexpm", optional: true]}], "hexpm", "a709eb4e1d43e913a2f7c3b51824cc43ae4763c079d4193b5a49b6445beb8495"},
  "nerves_logging": {:hex, :nerves_logging, "0.2.3", "ea228c3e9b8f1655a21cdf7b547445364ce7c1559f009d73d1f9ee09d3002e48", [:make, :mix], [{:elixir_make, "~> 0.6", [hex: :elixir_make, repo: "hexpm", optional: false]}], "hexpm", "cb61e661b3dd27effdf383c73a8d8e13e19c757da5b9433f13248ad0c1c1b7eb"},
  "nerves_runtime": {:hex, :nerves_runtime, "0.13.9", "eebeb2c241efc81e595d7c5dfbba8d5423fd53875892e508ecd2d849f9a9e3f0", [:mix], [{:nerves_logging, "~> 0.2.0", [hex: :nerves_logging, repo: "hexpm", optional: false]}, {:nerves_uevent, "~> 0.1.0", [hex: :nerves_uevent, repo: "hexpm", optional: false]}, {:uboot_env, "~> 0.3.0 or ~> 1.0", [hex: :uboot_env, repo: "hexpm", optional: false]}], "hexpm", "cb9dc5632c52c86189d545aa85618eac3f6abe44c35881cdce4f91368e3e4d17"},
  "nerves_ssh": {:hex, :nerves_ssh, "1.1.0", "ed86f3468b16731dec89b461099efd792d88e1e827df84228215e9648969445c", [:mix], [{:nerves_runtime, "~> 0.11", [hex: :nerves_runtime, repo: "hexpm", optional: false]}, {:ssh_subsystem_fwup, "~> 0.5", [hex: :ssh_subsystem_fwup, repo: "hexpm", optional: false]}], "hexpm", "70478c0883775494118c0e3e0563f3d6326b49d12b14abf7667ff6009036ce63"},
  "nerves_uevent": {:hex, :nerves_uevent, "0.1.2", "0da22ed32d5203162e9d175a83a43d541406177384a810388508c2002285bfce", [:make, :mix], [{:elixir_make, "~> 0.6", [hex: :elixir_make, repo: "hexpm", optional: false]}, {:property_table, "~> 0.2.0 or ~> 0.3.0", [hex: :property_table, repo: "hexpm", optional: false]}], "hexpm", "1603eada674d77f9e4e7d517899a589316d7537dd6feee7f319b2b0dd7d350a7"},
  "property_table": {:hex, :property_table, "0.3.1", "f71381dea834f9c62eff043c626e7af0ef5697258cb961040927e086c7ecb9b6", [:mix], [], "hexpm", "3ebc06667d3a95101a7dba5e9db800395bd5de6b8debbc5a064f78bb1ec5668b"},
  "ssh_subsystem_fwup": {:hex, :ssh_subsystem_fwup, "0.6.3", "40d1c365222e77f05e829c25e610c49359640c3bd301af9218339142b3d91560", [:mix], [], "hexpm", "34183ebc17d638d4ad819485897d2478b3d9399111f1ace36598c1eebd12b12b"},
  "uboot_env": {:hex, :uboot_env, "1.0.2", "239809ab786a57f0f3d4eb318e0af30b7847c288cff96fc9306cd5283f967355", [:mix], [], "hexpm", "89c6419b3af35f90f7f027858e977c719c1a8b68e57be73757bc21a2ed0cc03d"},
}
